<?xml version="1.0" encoding="utf-8"?>
<Project ToolsVersion="4.0" xmlns="http://schemas.microsoft.com/developer/msbuild/2003">
  <ItemGroup>
    <Filter Include="Source Files">
      <UniqueIdentifier>{4FC737F1-C7A5-4376-A066-2A32D752A2FF}</UniqueIdentifier>
      <Extensions>cpp;c;cc;cxx;c++;cppm;ixx;def;odl;idl;hpj;bat;asm;asmx</Extensions>
    </Filter>
    <Filter Include="Header Files">
      <UniqueIdentifier>{93995380-89BD-4b04-88EB-625FBE52EBFB}</UniqueIdentifier>
      <Extensions>h;hh;hpp;hxx;h++;hm;inl;inc;ipp;xsd</Extensions>
    </Filter>
    <Filter Include="Resource Files">
      <UniqueIdentifier>{67DA6AB6-F800-4c08-8B7A-83BB121AAD01}</UniqueIdentifier>
      <Extensions>rc;ico;cur;bmp;dlg;rc2;rct;bin;rgs;gif;jpg;jpeg;jpe;resx;tiff;tif;png;wav;mfcribbon-ms</Extensions>
    </Filter>
    <Filter Include="Header Files\MyMath">
      <UniqueIdentifier>{381401d2-878d-4131-907b-aaa395646438}</UniqueIdentifier>
    </Filter>
    <Filter Include="Header Files\MyMath\AngleUtils">
      <UniqueIdentifier>{2007fab8-abda-4acb-929e-5689a810a396}</UniqueIdentifier>
    </Filter>
    <Filter Include="Header Files\MyConsoleUtils">
      <UniqueIdentifier>{16068c59-fb5d-4a06-ba04-46f21756b310}</UniqueIdentifier>
    </Filter>
    <Filter Include="Header Files\MyEasings">
      <UniqueIdentifier>{98f14387-3417-4109-b41c-24412dec28c2}</UniqueIdentifier>
    </Filter>
    <Filter Include="Source Files\MyMath">
      <UniqueIdentifier>{305ec71c-a421-4849-8393-64062af028d8}</UniqueIdentifier>
    </Filter>
    <Filter Include="Source Files\MyMath\MyAngleUtils">
      <UniqueIdentifier>{d0b49a72-94c7-4118-b91d-4bac6507f1ef}</UniqueIdentifier>
    </Filter>
    <Filter Include="Header Files\MySerialization">
      <UniqueIdentifier>{432d925b-f6d4-4eb9-9eae-8848ff1c26c8}</UniqueIdentifier>
    </Filter>
    <Filter Include="Source Files\MySerialization">
      <UniqueIdentifier>{de5b4b88-8b39-46f3-b7c4-de9c01c6c809}</UniqueIdentifier>
    </Filter>
    <Filter Include="Source Files\MyConsoleUtils">
      <UniqueIdentifier>{9e5d1e6c-bd3c-4e16-957b-043d61706cad}</UniqueIdentifier>
    </Filter>
    <Filter Include="Source Files\MyEasings">
      <UniqueIdentifier>{48e86ce5-e69a-4996-af91-d32fe27057b7}</UniqueIdentifier>
    </Filter>
  </ItemGroup>
  <ItemGroup>
    <ClCompile Include="Angle.cpp">
      <Filter>Source Files\MyMath\MyAngleUtils</Filter>
    </ClCompile>
    <ClCompile Include="VectorTrigonometry.cpp">
      <Filter>Source Files\MyMath\MyAngleUtils</Filter>
    </ClCompile>
    <ClCompile Include="MyVector2.cpp">
      <Filter>Source Files\MyMath</Filter>
    </ClCompile>
    <ClCompile Include="MyVector3.cpp">
      <Filter>Source Files\MyMath</Filter>
    </ClCompile>
    <ClCompile Include="VectorTrigonometry.cpp">
      <Filter>Source Files</Filter>
    </ClCompile>
    <ClCompile Include="MyDistanceCalculation.cpp">
      <Filter>Source Files\MyMath</Filter>
    </ClCompile>
    <ClCompile Include="MyConsoleTextAttribute.cpp">
      <Filter>Source Files\MyConsoleUtils</Filter>
    </ClCompile>
    <ClCompile Include="Easings.cpp">
      <Filter>Source Files\MyEasings</Filter>
    </ClCompile>
    <ClCompile Include="MyRectangle.cpp">
      <Filter>Source Files\MyMath</Filter>
    </ClCompile>
    <ClCompile Include="Observable.cpp">
      <Filter>Source Files</Filter>
    </ClCompile>
  </ItemGroup>
  <ItemGroup>
    <ClInclude Include="IFloatSerializable.h">
      <Filter>Header Files\MySerialization</Filter>
    </ClInclude>
    <ClInclude Include="IIntSerializable.h">
      <Filter>Header Files\MySerialization</Filter>
    </ClInclude>
    <ClInclude Include="IStringSerializable.h">
      <Filter>Header Files\MySerialization</Filter>
    </ClInclude>
    <ClInclude Include="ArrayToTextSerialization.h">
      <Filter>Header Files\MySerialization</Filter>
    </ClInclude>
    <ClInclude Include="CollectionToTextSerialization.h">
      <Filter>Header Files\MySerialization</Filter>
    </ClInclude>
    <ClInclude Include="PointerArrayToTextSerialization.h">
      <Filter>Header Files\MySerialization</Filter>
    </ClInclude>
    <ClInclude Include="VectorToTextSerialization.h">
      <Filter>Header Files\MySerialization</Filter>
    </ClInclude>
    <ClInclude Include="Angle.h">
      <Filter>Header Files\MyMath\AngleUtils</Filter>
    </ClInclude>
    <ClInclude Include="DegreesAndRadiansConversion.h">
      <Filter>Header Files\MyMath\AngleUtils</Filter>
    </ClInclude>
    <ClInclude Include="MyConsoleTextAttribute.h">
      <Filter>Header Files\MyConsoleUtils</Filter>
    </ClInclude>
    <ClInclude Include="MyDistanceCalculation.h">
      <Filter>Header Files\MyMath</Filter>
    </ClInclude>
    <ClInclude Include="Constants.h">
      <Filter>Header Files\MyMath</Filter>
    </ClInclude>
    <ClInclude Include="Easings.h">
      <Filter>Header Files\MyEasings</Filter>
    </ClInclude>
    <ClInclude Include="MyVector2.h">
      <Filter>Header Files\MyMath</Filter>
    </ClInclude>
    <ClInclude Include="MyVector3.h">
      <Filter>Header Files\MyMath</Filter>
    </ClInclude>
    <ClInclude Include="MyRectangle.h">
      <Filter>Header Files\MyMath</Filter>
    </ClInclude>
    <ClInclude Include="Observable.h">
      <Filter>Header Files</Filter>
    </ClInclude>
    <ClInclude Include="Easings.h">
      <Filter>Header Files\MyEasings</Filter>
    </ClInclude>
  </ItemGroup>
</Project>